// !$*UTF8*$!
{
	archiveVersion = 1;
	classes = {
	};
	objectVersion = 48;
	objects = {

/* Begin PBXBuildFile section */
		9F0617CB208880A300422183 /* MapVC.swift in Sources */ = {isa = PBXBuildFile; fileRef = 9F0617CA208880A300422183 /* MapVC.swift */; };
		9F3B9F9E208F295300F12CE3 /* SettingsTableVC.swift in Sources */ = {isa = PBXBuildFile; fileRef = 9F3B9F9D208F295300F12CE3 /* SettingsTableVC.swift */; };
		9F3B9FA0208F2BE100F12CE3 /* ShowAvatarCell.swift in Sources */ = {isa = PBXBuildFile; fileRef = 9F3B9F9F208F2BE100F12CE3 /* ShowAvatarCell.swift */; };
		9F3B9FA2208F36F200F12CE3 /* BackgroundVC.swift in Sources */ = {isa = PBXBuildFile; fileRef = 9F3B9FA1208F36F200F12CE3 /* BackgroundVC.swift */; };
		9F3B9FA4208FFBF600F12CE3 /* FriendsVC.swift in Sources */ = {isa = PBXBuildFile; fileRef = 9F3B9FA3208FFBF600F12CE3 /* FriendsVC.swift */; };
		9F3B9FA6208FFD0900F12CE3 /* Friend.swift in Sources */ = {isa = PBXBuildFile; fileRef = 9F3B9FA5208FFD0900F12CE3 /* Friend.swift */; };
		9F3B9FA8209006AE00F12CE3 /* AddFriendVC.swift in Sources */ = {isa = PBXBuildFile; fileRef = 9F3B9FA7209006AE00F12CE3 /* AddFriendVC.swift */; };
		9F3BA00A20940D6D00F12CE3 /* GroupVC.swift in Sources */ = {isa = PBXBuildFile; fileRef = 9F3BA00920940D6D00F12CE3 /* GroupVC.swift */; };
		9F624C232099AC9E00D7E869 /* Encryption.swift in Sources */ = {isa = PBXBuildFile; fileRef = 9F624C222099AC9E00D7E869 /* Encryption.swift */; };
		9F624C25209A6DA600D7E869 /* ProfileVC.swift in Sources */ = {isa = PBXBuildFile; fileRef = 9F624C24209A6DA600D7E869 /* ProfileVC.swift */; };
		9F624C27209A74C500D7E869 /* CallVC.swift in Sources */ = {isa = PBXBuildFile; fileRef = 9F624C26209A74C500D7E869 /* CallVC.swift */; };
		9F624C29209A93F900D7E869 /* ringback.wav in Resources */ = {isa = PBXBuildFile; fileRef = 9F624C28209A93F800D7E869 /* ringback.wav */; };
		9F624C2B209A940700D7E869 /* incoming.wav in Resources */ = {isa = PBXBuildFile; fileRef = 9F624C2A209A940700D7E869 /* incoming.wav */; };
		9F624C2E209ABE5500D7E869 /* bubbleboddy.fat.ttf in Resources */ = {isa = PBXBuildFile; fileRef = 9F624C2D209ABE5500D7E869 /* bubbleboddy.fat.ttf */; };
		9F624C2F209ABE7300D7E869 /* bubbleboddy.light-light.ttf in Resources */ = {isa = PBXBuildFile; fileRef = 9F624C2C209ABE4800D7E869 /* bubbleboddy.light-light.ttf */; };
		9F8ACCF020809D3400F34663 /* ChatVC.swift in Sources */ = {isa = PBXBuildFile; fileRef = 9F8ACCEF20809D3400F34663 /* ChatVC.swift */; };
		9F8ACCF220809DA200F34663 /* AVFoundation.framework in Frameworks */ = {isa = PBXBuildFile; fileRef = 9F8ACCF120809DA200F34663 /* AVFoundation.framework */; };
		9F8ACCF42080A3D500F34663 /* OutgoingMessage.swift in Sources */ = {isa = PBXBuildFile; fileRef = 9F8ACCF32080A3D500F34663 /* OutgoingMessage.swift */; };
		9F8ACCF62080BB5400F34663 /* IncomingMessage.swift in Sources */ = {isa = PBXBuildFile; fileRef = 9F8ACCF52080BB5400F34663 /* IncomingMessage.swift */; };
		9F8ACCF82081701F00F34663 /* VideoThumbnail.swift in Sources */ = {isa = PBXBuildFile; fileRef = 9F8ACCF72081701F00F34663 /* VideoThumbnail.swift */; };
		9F8ACCFA2081731D00F34663 /* VideoMessage.swift in Sources */ = {isa = PBXBuildFile; fileRef = 9F8ACCF92081731D00F34663 /* VideoMessage.swift */; };
		9F8EABB520A8A7500027EDFB /* Foundation.framework in Frameworks */ = {isa = PBXBuildFile; fileRef = 9F8EABB420A8A74F0027EDFB /* Foundation.framework */; };
		9F8EABB720AADA010027EDFB /* EmptyView.swift in Sources */ = {isa = PBXBuildFile; fileRef = 9F8EABB620AADA010027EDFB /* EmptyView.swift */; };
		9F9EDC7C207C3EE50050DCE7 /* Recent.swift in Sources */ = {isa = PBXBuildFile; fileRef = 9F9EDC7B207C3EE50050DCE7 /* Recent.swift */; };
		9FB572AD2071D39100A26985 /* Camera.swift in Sources */ = {isa = PBXBuildFile; fileRef = 9FB572AC2071D39100A26985 /* Camera.swift */; };
		9FB572AF2071D3A100A26985 /* ChooseUserVC.swift in Sources */ = {isa = PBXBuildFile; fileRef = 9FB572AE2071D3A100A26985 /* ChooseUserVC.swift */; };
		9FB572B22071D3E500A26985 /* GoogleService-Info.plist in Resources */ = {isa = PBXBuildFile; fileRef = 9FB572B12071D3E500A26985 /* GoogleService-Info.plist */; };
		9FB572B42071D3EF00A26985 /* GoogleService-Info (1).plist in Resources */ = {isa = PBXBuildFile; fileRef = 9FB572B32071D3EF00A26985 /* GoogleService-Info (1).plist */; };
		9FB572B62071D41400A26985 /* RecentVC.swift in Sources */ = {isa = PBXBuildFile; fileRef = 9FB572B52071D41400A26985 /* RecentVC.swift */; };
		9FB572B82071D42000A26985 /* RegisterVC.swift in Sources */ = {isa = PBXBuildFile; fileRef = 9FB572B72071D42000A26985 /* RegisterVC.swift */; };
		9FB572BA2071D43000A26985 /* WelcomeVC.swift in Sources */ = {isa = PBXBuildFile; fileRef = 9FB572B92071D43000A26985 /* WelcomeVC.swift */; };
		9FB572BE2071D4AE00A26985 /* Constants.swift in Sources */ = {isa = PBXBuildFile; fileRef = 9FB572BC2071D4AD00A26985 /* Constants.swift */; };
		9FB572BF2071D4AE00A26985 /* Utilities.swift in Sources */ = {isa = PBXBuildFile; fileRef = 9FB572BD2071D4AD00A26985 /* Utilities.swift */; };
		9FB572C32071D51200A26985 /* ChooseUserCell.swift in Sources */ = {isa = PBXBuildFile; fileRef = 9FB572C12071D51200A26985 /* ChooseUserCell.swift */; };
		9FB572C42071D51200A26985 /* RecentCell.swift in Sources */ = {isa = PBXBuildFile; fileRef = 9FB572C22071D51200A26985 /* RecentCell.swift */; };
		9FB572C82071E51D00A26985 /* RNCryptor.swift in Sources */ = {isa = PBXBuildFile; fileRef = 9FB572C72071E51D00A26985 /* RNCryptor.swift */; };
		9FB572CD2071E55800A26985 /* ProgressHUD.bundle in Resources */ = {isa = PBXBuildFile; fileRef = 9FB572CB2071E55800A26985 /* ProgressHUD.bundle */; };
		9FB572CE2071E55800A26985 /* ProgressHUD.m in Sources */ = {isa = PBXBuildFile; fileRef = 9FB572CC2071E55800A26985 /* ProgressHUD.m */; };
		9FB572D02077112600A26985 /* CoreLocation.framework in Frameworks */ = {isa = PBXBuildFile; fileRef = 9FB572CF2077112600A26985 /* CoreLocation.framework */; };
		9FB572D22077114800A26985 /* SystemConfiguration.framework in Frameworks */ = {isa = PBXBuildFile; fileRef = 9FB572D12077114800A26985 /* SystemConfiguration.framework */; };
		9FB572D42077115500A26985 /* PushKit.framework in Frameworks */ = {isa = PBXBuildFile; fileRef = 9FB572D32077115500A26985 /* PushKit.framework */; };
		9FB572D620783FF500A26985 /* FriendCell.swift in Sources */ = {isa = PBXBuildFile; fileRef = 9FB572D520783FF500A26985 /* FriendCell.swift */; };
		9FB572D82078421A00A26985 /* Download.swift in Sources */ = {isa = PBXBuildFile; fileRef = 9FB572D72078421A00A26985 /* Download.swift */; };
		9FBF00812086B73100C85FE6 /* AudioMessage.swift in Sources */ = {isa = PBXBuildFile; fileRef = 9FBF00802086B73100C85FE6 /* AudioMessage.swift */; };
		9FBF00832086BACB00C85FE6 /* Audio.swift in Sources */ = {isa = PBXBuildFile; fileRef = 9FBF00822086BACB00C85FE6 /* Audio.swift */; };
		9FE044B6209C56EE0012F45F /* TabBarVC.swift in Sources */ = {isa = PBXBuildFile; fileRef = 9FE044B5209C56EE0012F45F /* TabBarVC.swift */; };
		9FE044B8209C7A780012F45F /* GradientView.swift in Sources */ = {isa = PBXBuildFile; fileRef = 9FE044B7209C7A780012F45F /* GradientView.swift */; };
		9FE0557B208882DE006646BF /* MapKit.framework in Frameworks */ = {isa = PBXBuildFile; fileRef = 9FE0557A208882DE006646BF /* MapKit.framework */; };
		9FE14FEB1F22178900F3FE09 /* AppDelegate.swift in Sources */ = {isa = PBXBuildFile; fileRef = 9FE14FEA1F22178900F3FE09 /* AppDelegate.swift */; };
		9FE14FED1F22178900F3FE09 /* ViewController.swift in Sources */ = {isa = PBXBuildFile; fileRef = 9FE14FEC1F22178900F3FE09 /* ViewController.swift */; };
		9FE14FF01F22178900F3FE09 /* Main.storyboard in Resources */ = {isa = PBXBuildFile; fileRef = 9FE14FEE1F22178900F3FE09 /* Main.storyboard */; };
		9FE14FF21F22178900F3FE09 /* Assets.xcassets in Resources */ = {isa = PBXBuildFile; fileRef = 9FE14FF11F22178900F3FE09 /* Assets.xcassets */; };
		9FE14FF51F22178900F3FE09 /* LaunchScreen.storyboard in Resources */ = {isa = PBXBuildFile; fileRef = 9FE14FF31F22178900F3FE09 /* LaunchScreen.storyboard */; };
		9FF51A0B209414650041661F /* AddGroupVC.swift in Sources */ = {isa = PBXBuildFile; fileRef = 9FF51A0A209414650041661F /* AddGroupVC.swift */; };
		9FF51A0D209423450041661F /* Group.swift in Sources */ = {isa = PBXBuildFile; fileRef = 9FF51A0C209423450041661F /* Group.swift */; };
		9FF51A0F20942CF00041661F /* GroupSettingsVC.swift in Sources */ = {isa = PBXBuildFile; fileRef = 9FF51A0E20942CF00041661F /* GroupSettingsVC.swift */; };
		9FF51A11209459DD0041661F /* EditGroupVC.swift in Sources */ = {isa = PBXBuildFile; fileRef = 9FF51A10209459DD0041661F /* EditGroupVC.swift */; };
		9FF51A1520955F290041661F /* FBSDKLoginKit.framework in Frameworks */ = {isa = PBXBuildFile; fileRef = 9FF51A1220955F290041661F /* FBSDKLoginKit.framework */; };
		9FF51A1620955F290041661F /* Bolts.framework in Frameworks */ = {isa = PBXBuildFile; fileRef = 9FF51A1320955F290041661F /* Bolts.framework */; };
		9FF51A1720955F290041661F /* FBSDKCoreKit.framework in Frameworks */ = {isa = PBXBuildFile; fileRef = 9FF51A1420955F290041661F /* FBSDKCoreKit.framework */; };
		9FF51A1A20956D680041661F /* RegisterForPush.swift in Sources */ = {isa = PBXBuildFile; fileRef = 9FF51A1920956D680041661F /* RegisterForPush.swift */; };
		9FF51A1C2097D8040041661F /* PushNotifications.swift in Sources */ = {isa = PBXBuildFile; fileRef = 9FF51A1B2097D8040041661F /* PushNotifications.swift */; };
		9FF51A3720980EDC0041661F /* Icon.png in Resources */ = {isa = PBXBuildFile; fileRef = 9FF51A2020980EDC0041661F /* Icon.png */; };
		9FF51A3820980EDC0041661F /* Icon-76@2x.png in Resources */ = {isa = PBXBuildFile; fileRef = 9FF51A2120980EDC0041661F /* Icon-76@2x.png */; };
		9FF51A3920980EDC0041661F /* Icon-40@2x.png in Resources */ = {isa = PBXBuildFile; fileRef = 9FF51A2220980EDC0041661F /* Icon-40@2x.png */; };
		9FF51A3A20980EDC0041661F /* Icon-40@3x.png in Resources */ = {isa = PBXBuildFile; fileRef = 9FF51A2320980EDC0041661F /* Icon-40@3x.png */; };
		9FF51A3B20980EDC0041661F /* Icon-83.5@2x.png in Resources */ = {isa = PBXBuildFile; fileRef = 9FF51A2420980EDC0041661F /* Icon-83.5@2x.png */; };
		9FF51A3C20980EDC0041661F /* Icon-Small.png in Resources */ = {isa = PBXBuildFile; fileRef = 9FF51A2520980EDC0041661F /* Icon-Small.png */; };
		9FF51A3D20980EDC0041661F /* Icon-60@3x.png in Resources */ = {isa = PBXBuildFile; fileRef = 9FF51A2620980EDC0041661F /* Icon-60@3x.png */; };
		9FF51A3E20980EDC0041661F /* Icon-76.png in Resources */ = {isa = PBXBuildFile; fileRef = 9FF51A2720980EDC0041661F /* Icon-76.png */; };
		9FF51A3F20980EDC0041661F /* NotificationIcon~ipad@2x.png in Resources */ = {isa = PBXBuildFile; fileRef = 9FF51A2820980EDC0041661F /* NotificationIcon~ipad@2x.png */; };
		9FF51A4020980EDC0041661F /* Icon-Small-50@2x.png in Resources */ = {isa = PBXBuildFile; fileRef = 9FF51A2920980EDC0041661F /* Icon-Small-50@2x.png */; };
		9FF51A4120980EDC0041661F /* Icon-72.png in Resources */ = {isa = PBXBuildFile; fileRef = 9FF51A2A20980EDC0041661F /* Icon-72.png */; };
		9FF51A4220980EDC0041661F /* Icon-72@2x.png in Resources */ = {isa = PBXBuildFile; fileRef = 9FF51A2B20980EDC0041661F /* Icon-72@2x.png */; };
		9FF51A4320980EDC0041661F /* Icon-60@2x.png in Resources */ = {isa = PBXBuildFile; fileRef = 9FF51A2C20980EDC0041661F /* Icon-60@2x.png */; };
		9FF51A4420980EDC0041661F /* Icon@2x.png in Resources */ = {isa = PBXBuildFile; fileRef = 9FF51A2D20980EDC0041661F /* Icon@2x.png */; };
		9FF51A4520980EDC0041661F /* NotificationIcon~ipad.png in Resources */ = {isa = PBXBuildFile; fileRef = 9FF51A2E20980EDC0041661F /* NotificationIcon~ipad.png */; };
		9FF51A4620980EDC0041661F /* Icon-40.png in Resources */ = {isa = PBXBuildFile; fileRef = 9FF51A2F20980EDC0041661F /* Icon-40.png */; };
		9FF51A4720980EDC0041661F /* Contents.json in Resources */ = {isa = PBXBuildFile; fileRef = 9FF51A3020980EDC0041661F /* Contents.json */; };
		9FF51A4820980EDC0041661F /* NotificationIcon@2x.png in Resources */ = {isa = PBXBuildFile; fileRef = 9FF51A3120980EDC0041661F /* NotificationIcon@2x.png */; };
		9FF51A4920980EDC0041661F /* Icon-Small@3x.png in Resources */ = {isa = PBXBuildFile; fileRef = 9FF51A3220980EDC0041661F /* Icon-Small@3x.png */; };
		9FF51A4A20980EDC0041661F /* Icon-Small-50.png in Resources */ = {isa = PBXBuildFile; fileRef = 9FF51A3320980EDC0041661F /* Icon-Small-50.png */; };
		9FF51A4B20980EDC0041661F /* ios-marketing.png in Resources */ = {isa = PBXBuildFile; fileRef = 9FF51A3420980EDC0041661F /* ios-marketing.png */; };
		9FF51A4C20980EDC0041661F /* Icon-Small@2x.png in Resources */ = {isa = PBXBuildFile; fileRef = 9FF51A3520980EDC0041661F /* Icon-Small@2x.png */; };
		9FF51A4D20980EDC0041661F /* NotificationIcon@3x.png in Resources */ = {isa = PBXBuildFile; fileRef = 9FF51A3620980EDC0041661F /* NotificationIcon@3x.png */; };
		BC47591ED0DAA30F49FF3F13 /* libPods-cleanchat.a in Frameworks */ = {isa = PBXBuildFile; fileRef = 5F1FA4CEF7F4AB062A044E84 /* libPods-cleanchat.a */; };
/* End PBXBuildFile section */

/* Begin PBXFileReference section */
		1773E68DF44E895C7A15159D /* Pods-cleanchat.release.xcconfig */ = {isa = PBXFileReference; includeInIndex = 1; lastKnownFileType = text.xcconfig; name = "Pods-cleanchat.release.xcconfig"; path = "Pods/Target Support Files/Pods-cleanchat/Pods-cleanchat.release.xcconfig"; sourceTree = "<group>"; };
		5F1FA4CEF7F4AB062A044E84 /* libPods-cleanchat.a */ = {isa = PBXFileReference; explicitFileType = archive.ar; includeInIndex = 0; path = "libPods-cleanchat.a"; sourceTree = BUILT_PRODUCTS_DIR; };
		76CAA8B7BA391341F32BE4D5 /* Pods-cleanchat.debug.xcconfig */ = {isa = PBXFileReference; includeInIndex = 1; lastKnownFileType = text.xcconfig; name = "Pods-cleanchat.debug.xcconfig"; path = "Pods/Target Support Files/Pods-cleanchat/Pods-cleanchat.debug.xcconfig"; sourceTree = "<group>"; };
		9F0617CA208880A300422183 /* MapVC.swift */ = {isa = PBXFileReference; lastKnownFileType = sourcecode.swift; path = MapVC.swift; sourceTree = "<group>"; };
		9F3B9F9D208F295300F12CE3 /* SettingsTableVC.swift */ = {isa = PBXFileReference; lastKnownFileType = sourcecode.swift; path = SettingsTableVC.swift; sourceTree = "<group>"; };
		9F3B9F9F208F2BE100F12CE3 /* ShowAvatarCell.swift */ = {isa = PBXFileReference; lastKnownFileType = sourcecode.swift; path = ShowAvatarCell.swift; sourceTree = "<group>"; };
		9F3B9FA1208F36F200F12CE3 /* BackgroundVC.swift */ = {isa = PBXFileReference; lastKnownFileType = sourcecode.swift; path = BackgroundVC.swift; sourceTree = "<group>"; };
		9F3B9FA3208FFBF600F12CE3 /* FriendsVC.swift */ = {isa = PBXFileReference; lastKnownFileType = sourcecode.swift; path = FriendsVC.swift; sourceTree = "<group>"; };
		9F3B9FA5208FFD0900F12CE3 /* Friend.swift */ = {isa = PBXFileReference; lastKnownFileType = sourcecode.swift; path = Friend.swift; sourceTree = "<group>"; };
		9F3B9FA7209006AE00F12CE3 /* AddFriendVC.swift */ = {isa = PBXFileReference; lastKnownFileType = sourcecode.swift; path = AddFriendVC.swift; sourceTree = "<group>"; };
		9F3BA00920940D6D00F12CE3 /* GroupVC.swift */ = {isa = PBXFileReference; lastKnownFileType = sourcecode.swift; path = GroupVC.swift; sourceTree = "<group>"; };
		9F624C222099AC9E00D7E869 /* Encryption.swift */ = {isa = PBXFileReference; lastKnownFileType = sourcecode.swift; path = Encryption.swift; sourceTree = "<group>"; };
		9F624C24209A6DA600D7E869 /* ProfileVC.swift */ = {isa = PBXFileReference; lastKnownFileType = sourcecode.swift; path = ProfileVC.swift; sourceTree = "<group>"; };
		9F624C26209A74C500D7E869 /* CallVC.swift */ = {isa = PBXFileReference; lastKnownFileType = sourcecode.swift; path = CallVC.swift; sourceTree = "<group>"; };
		9F624C28209A93F800D7E869 /* ringback.wav */ = {isa = PBXFileReference; lastKnownFileType = audio.wav; path = ringback.wav; sourceTree = "<group>"; };
		9F624C2A209A940700D7E869 /* incoming.wav */ = {isa = PBXFileReference; lastKnownFileType = audio.wav; path = incoming.wav; sourceTree = "<group>"; };
		9F624C2C209ABE4800D7E869 /* bubbleboddy.light-light.ttf */ = {isa = PBXFileReference; lastKnownFileType = file; path = "bubbleboddy.light-light.ttf"; sourceTree = "<group>"; };
		9F624C2D209ABE5500D7E869 /* bubbleboddy.fat.ttf */ = {isa = PBXFileReference; lastKnownFileType = file; path = bubbleboddy.fat.ttf; sourceTree = "<group>"; };
		9F8ACCEF20809D3400F34663 /* ChatVC.swift */ = {isa = PBXFileReference; lastKnownFileType = sourcecode.swift; path = ChatVC.swift; sourceTree = "<group>"; };
		9F8ACCF120809DA200F34663 /* AVFoundation.framework */ = {isa = PBXFileReference; lastKnownFileType = wrapper.framework; name = AVFoundation.framework; path = System/Library/Frameworks/AVFoundation.framework; sourceTree = SDKROOT; };
		9F8ACCF32080A3D500F34663 /* OutgoingMessage.swift */ = {isa = PBXFileReference; lastKnownFileType = sourcecode.swift; path = OutgoingMessage.swift; sourceTree = "<group>"; };
		9F8ACCF52080BB5400F34663 /* IncomingMessage.swift */ = {isa = PBXFileReference; lastKnownFileType = sourcecode.swift; path = IncomingMessage.swift; sourceTree = "<group>"; };
		9F8ACCF72081701F00F34663 /* VideoThumbnail.swift */ = {isa = PBXFileReference; lastKnownFileType = sourcecode.swift; path = VideoThumbnail.swift; sourceTree = "<group>"; };
		9F8ACCF92081731D00F34663 /* VideoMessage.swift */ = {isa = PBXFileReference; lastKnownFileType = sourcecode.swift; path = VideoMessage.swift; sourceTree = "<group>"; };
		9F8EABB420A8A74F0027EDFB /* Foundation.framework */ = {isa = PBXFileReference; lastKnownFileType = wrapper.framework; name = Foundation.framework; path = System/Library/Frameworks/Foundation.framework; sourceTree = SDKROOT; };
		9F8EABB620AADA010027EDFB /* EmptyView.swift */ = {isa = PBXFileReference; lastKnownFileType = sourcecode.swift; path = EmptyView.swift; sourceTree = "<group>"; };
		9F9EDC7B207C3EE50050DCE7 /* Recent.swift */ = {isa = PBXFileReference; lastKnownFileType = sourcecode.swift; path = Recent.swift; sourceTree = "<group>"; };
		9FB572AC2071D39100A26985 /* Camera.swift */ = {isa = PBXFileReference; fileEncoding = 4; lastKnownFileType = sourcecode.swift; path = Camera.swift; sourceTree = "<group>"; };
		9FB572AE2071D3A100A26985 /* ChooseUserVC.swift */ = {isa = PBXFileReference; fileEncoding = 4; lastKnownFileType = sourcecode.swift; path = ChooseUserVC.swift; sourceTree = "<group>"; };
		9FB572B02071D3CB00A26985 /* cleanchat-Bridging-Header.h */ = {isa = PBXFileReference; lastKnownFileType = sourcecode.c.h; path = "cleanchat-Bridging-Header.h"; sourceTree = "<group>"; };
		9FB572B12071D3E500A26985 /* GoogleService-Info.plist */ = {isa = PBXFileReference; fileEncoding = 4; lastKnownFileType = text.plist.xml; path = "GoogleService-Info.plist"; sourceTree = "<group>"; };
		9FB572B32071D3EF00A26985 /* GoogleService-Info (1).plist */ = {isa = PBXFileReference; fileEncoding = 4; lastKnownFileType = text.plist.xml; path = "GoogleService-Info (1).plist"; sourceTree = "<group>"; };
		9FB572B52071D41400A26985 /* RecentVC.swift */ = {isa = PBXFileReference; fileEncoding = 4; lastKnownFileType = sourcecode.swift; path = RecentVC.swift; sourceTree = "<group>"; };
		9FB572B72071D42000A26985 /* RegisterVC.swift */ = {isa = PBXFileReference; fileEncoding = 4; lastKnownFileType = sourcecode.swift; path = RegisterVC.swift; sourceTree = "<group>"; };
		9FB572B92071D43000A26985 /* WelcomeVC.swift */ = {isa = PBXFileReference; fileEncoding = 4; lastKnownFileType = sourcecode.swift; path = WelcomeVC.swift; sourceTree = "<group>"; };
		9FB572BC2071D4AD00A26985 /* Constants.swift */ = {isa = PBXFileReference; fileEncoding = 4; lastKnownFileType = sourcecode.swift; path = Constants.swift; sourceTree = "<group>"; };
		9FB572BD2071D4AD00A26985 /* Utilities.swift */ = {isa = PBXFileReference; fileEncoding = 4; lastKnownFileType = sourcecode.swift; path = Utilities.swift; sourceTree = "<group>"; };
		9FB572C12071D51200A26985 /* ChooseUserCell.swift */ = {isa = PBXFileReference; fileEncoding = 4; lastKnownFileType = sourcecode.swift; path = ChooseUserCell.swift; sourceTree = "<group>"; };
		9FB572C22071D51200A26985 /* RecentCell.swift */ = {isa = PBXFileReference; fileEncoding = 4; lastKnownFileType = sourcecode.swift; path = RecentCell.swift; sourceTree = "<group>"; };
		9FB572C62071E51D00A26985 /* RNCryptor.h */ = {isa = PBXFileReference; fileEncoding = 4; lastKnownFileType = sourcecode.c.h; path = RNCryptor.h; sourceTree = "<group>"; };
		9FB572C72071E51D00A26985 /* RNCryptor.swift */ = {isa = PBXFileReference; fileEncoding = 4; lastKnownFileType = sourcecode.swift; path = RNCryptor.swift; sourceTree = "<group>"; };
		9FB572CA2071E55800A26985 /* ProgressHUD.h */ = {isa = PBXFileReference; fileEncoding = 4; lastKnownFileType = sourcecode.c.h; path = ProgressHUD.h; sourceTree = "<group>"; };
		9FB572CB2071E55800A26985 /* ProgressHUD.bundle */ = {isa = PBXFileReference; lastKnownFileType = "wrapper.plug-in"; path = ProgressHUD.bundle; sourceTree = "<group>"; };
		9FB572CC2071E55800A26985 /* ProgressHUD.m */ = {isa = PBXFileReference; fileEncoding = 4; lastKnownFileType = sourcecode.c.objc; path = ProgressHUD.m; sourceTree = "<group>"; };
		9FB572CF2077112600A26985 /* CoreLocation.framework */ = {isa = PBXFileReference; lastKnownFileType = wrapper.framework; name = CoreLocation.framework; path = System/Library/Frameworks/CoreLocation.framework; sourceTree = SDKROOT; };
		9FB572D12077114800A26985 /* SystemConfiguration.framework */ = {isa = PBXFileReference; lastKnownFileType = wrapper.framework; name = SystemConfiguration.framework; path = System/Library/Frameworks/SystemConfiguration.framework; sourceTree = SDKROOT; };
		9FB572D32077115500A26985 /* PushKit.framework */ = {isa = PBXFileReference; lastKnownFileType = wrapper.framework; name = PushKit.framework; path = System/Library/Frameworks/PushKit.framework; sourceTree = SDKROOT; };
		9FB572D520783FF500A26985 /* FriendCell.swift */ = {isa = PBXFileReference; lastKnownFileType = sourcecode.swift; path = FriendCell.swift; sourceTree = "<group>"; };
		9FB572D72078421A00A26985 /* Download.swift */ = {isa = PBXFileReference; lastKnownFileType = sourcecode.swift; path = Download.swift; sourceTree = "<group>"; };
		9FBF00802086B73100C85FE6 /* AudioMessage.swift */ = {isa = PBXFileReference; lastKnownFileType = sourcecode.swift; path = AudioMessage.swift; sourceTree = "<group>"; };
		9FBF00822086BACB00C85FE6 /* Audio.swift */ = {isa = PBXFileReference; lastKnownFileType = sourcecode.swift; path = Audio.swift; sourceTree = "<group>"; };
		9FE044B5209C56EE0012F45F /* TabBarVC.swift */ = {isa = PBXFileReference; lastKnownFileType = sourcecode.swift; path = TabBarVC.swift; sourceTree = "<group>"; };
		9FE044B7209C7A780012F45F /* GradientView.swift */ = {isa = PBXFileReference; lastKnownFileType = sourcecode.swift; path = GradientView.swift; sourceTree = "<group>"; };
		9FE0557A208882DE006646BF /* MapKit.framework */ = {isa = PBXFileReference; lastKnownFileType = wrapper.framework; name = MapKit.framework; path = System/Library/Frameworks/MapKit.framework; sourceTree = SDKROOT; };
		9FE14FE71F22178900F3FE09 /* cleanchat.app */ = {isa = PBXFileReference; explicitFileType = wrapper.application; includeInIndex = 0; path = cleanchat.app; sourceTree = BUILT_PRODUCTS_DIR; };
		9FE14FEA1F22178900F3FE09 /* AppDelegate.swift */ = {isa = PBXFileReference; lastKnownFileType = sourcecode.swift; path = AppDelegate.swift; sourceTree = "<group>"; };
		9FE14FEC1F22178900F3FE09 /* ViewController.swift */ = {isa = PBXFileReference; lastKnownFileType = sourcecode.swift; path = ViewController.swift; sourceTree = "<group>"; };
		9FE14FEF1F22178900F3FE09 /* Base */ = {isa = PBXFileReference; lastKnownFileType = file.storyboard; name = Base; path = Base.lproj/Main.storyboard; sourceTree = "<group>"; };
		9FE14FF11F22178900F3FE09 /* Assets.xcassets */ = {isa = PBXFileReference; lastKnownFileType = folder.assetcatalog; path = Assets.xcassets; sourceTree = "<group>"; };
		9FE14FF41F22178900F3FE09 /* Base */ = {isa = PBXFileReference; lastKnownFileType = file.storyboard; name = Base; path = Base.lproj/LaunchScreen.storyboard; sourceTree = "<group>"; };
		9FE14FF61F22178900F3FE09 /* Info.plist */ = {isa = PBXFileReference; lastKnownFileType = text.plist.xml; path = Info.plist; sourceTree = "<group>"; };
		9FF51A0A209414650041661F /* AddGroupVC.swift */ = {isa = PBXFileReference; lastKnownFileType = sourcecode.swift; path = AddGroupVC.swift; sourceTree = "<group>"; };
		9FF51A0C209423450041661F /* Group.swift */ = {isa = PBXFileReference; lastKnownFileType = sourcecode.swift; path = Group.swift; sourceTree = "<group>"; };
		9FF51A0E20942CF00041661F /* GroupSettingsVC.swift */ = {isa = PBXFileReference; lastKnownFileType = sourcecode.swift; path = GroupSettingsVC.swift; sourceTree = "<group>"; };
		9FF51A10209459DD0041661F /* EditGroupVC.swift */ = {isa = PBXFileReference; lastKnownFileType = sourcecode.swift; path = EditGroupVC.swift; sourceTree = "<group>"; };
		9FF51A1220955F290041661F /* FBSDKLoginKit.framework */ = {isa = PBXFileReference; lastKnownFileType = wrapper.framework; path = FBSDKLoginKit.framework; sourceTree = "<group>"; };
		9FF51A1320955F290041661F /* Bolts.framework */ = {isa = PBXFileReference; lastKnownFileType = wrapper.framework; path = Bolts.framework; sourceTree = "<group>"; };
		9FF51A1420955F290041661F /* FBSDKCoreKit.framework */ = {isa = PBXFileReference; lastKnownFileType = wrapper.framework; path = FBSDKCoreKit.framework; sourceTree = "<group>"; };
		9FF51A1820955F320041661F /* cleanchat.entitlements */ = {isa = PBXFileReference; lastKnownFileType = text.plist.entitlements; path = cleanchat.entitlements; sourceTree = "<group>"; };
		9FF51A1920956D680041661F /* RegisterForPush.swift */ = {isa = PBXFileReference; lastKnownFileType = sourcecode.swift; path = RegisterForPush.swift; sourceTree = "<group>"; };
		9FF51A1B2097D8040041661F /* PushNotifications.swift */ = {isa = PBXFileReference; lastKnownFileType = sourcecode.swift; path = PushNotifications.swift; sourceTree = "<group>"; };
		9FF51A2020980EDC0041661F /* Icon.png */ = {isa = PBXFileReference; lastKnownFileType = image.png; path = Icon.png; sourceTree = "<group>"; };
		9FF51A2120980EDC0041661F /* Icon-76@2x.png */ = {isa = PBXFileReference; lastKnownFileType = image.png; path = "Icon-76@2x.png"; sourceTree = "<group>"; };
		9FF51A2220980EDC0041661F /* Icon-40@2x.png */ = {isa = PBXFileReference; lastKnownFileType = image.png; path = "Icon-40@2x.png"; sourceTree = "<group>"; };
		9FF51A2320980EDC0041661F /* Icon-40@3x.png */ = {isa = PBXFileReference; lastKnownFileType = image.png; path = "Icon-40@3x.png"; sourceTree = "<group>"; };
		9FF51A2420980EDC0041661F /* Icon-83.5@2x.png */ = {isa = PBXFileReference; lastKnownFileType = image.png; path = "Icon-83.5@2x.png"; sourceTree = "<group>"; };
		9FF51A2520980EDC0041661F /* Icon-Small.png */ = {isa = PBXFileReference; lastKnownFileType = image.png; path = "Icon-Small.png"; sourceTree = "<group>"; };
		9FF51A2620980EDC0041661F /* Icon-60@3x.png */ = {isa = PBXFileReference; lastKnownFileType = image.png; path = "Icon-60@3x.png"; sourceTree = "<group>"; };
		9FF51A2720980EDC0041661F /* Icon-76.png */ = {isa = PBXFileReference; lastKnownFileType = image.png; path = "Icon-76.png"; sourceTree = "<group>"; };
		9FF51A2820980EDC0041661F /* NotificationIcon~ipad@2x.png */ = {isa = PBXFileReference; lastKnownFileType = image.png; path = "NotificationIcon~ipad@2x.png"; sourceTree = "<group>"; };
		9FF51A2920980EDC0041661F /* Icon-Small-50@2x.png */ = {isa = PBXFileReference; lastKnownFileType = image.png; path = "Icon-Small-50@2x.png"; sourceTree = "<group>"; };
		9FF51A2A20980EDC0041661F /* Icon-72.png */ = {isa = PBXFileReference; lastKnownFileType = image.png; path = "Icon-72.png"; sourceTree = "<group>"; };
		9FF51A2B20980EDC0041661F /* Icon-72@2x.png */ = {isa = PBXFileReference; lastKnownFileType = image.png; path = "Icon-72@2x.png"; sourceTree = "<group>"; };
		9FF51A2C20980EDC0041661F /* Icon-60@2x.png */ = {isa = PBXFileReference; lastKnownFileType = image.png; path = "Icon-60@2x.png"; sourceTree = "<group>"; };
		9FF51A2D20980EDC0041661F /* Icon@2x.png */ = {isa = PBXFileReference; lastKnownFileType = image.png; path = "Icon@2x.png"; sourceTree = "<group>"; };
		9FF51A2E20980EDC0041661F /* NotificationIcon~ipad.png */ = {isa = PBXFileReference; lastKnownFileType = image.png; path = "NotificationIcon~ipad.png"; sourceTree = "<group>"; };
		9FF51A2F20980EDC0041661F /* Icon-40.png */ = {isa = PBXFileReference; lastKnownFileType = image.png; path = "Icon-40.png"; sourceTree = "<group>"; };
		9FF51A3020980EDC0041661F /* Contents.json */ = {isa = PBXFileReference; fileEncoding = 4; lastKnownFileType = text.json; path = Contents.json; sourceTree = "<group>"; };
		9FF51A3120980EDC0041661F /* NotificationIcon@2x.png */ = {isa = PBXFileReference; lastKnownFileType = image.png; path = "NotificationIcon@2x.png"; sourceTree = "<group>"; };
		9FF51A3220980EDC0041661F /* Icon-Small@3x.png */ = {isa = PBXFileReference; lastKnownFileType = image.png; path = "Icon-Small@3x.png"; sourceTree = "<group>"; };
		9FF51A3320980EDC0041661F /* Icon-Small-50.png */ = {isa = PBXFileReference; lastKnownFileType = image.png; path = "Icon-Small-50.png"; sourceTree = "<group>"; };
		9FF51A3420980EDC0041661F /* ios-marketing.png */ = {isa = PBXFileReference; lastKnownFileType = image.png; path = "ios-marketing.png"; sourceTree = "<group>"; };
		9FF51A3520980EDC0041661F /* Icon-Small@2x.png */ = {isa = PBXFileReference; lastKnownFileType = image.png; path = "Icon-Small@2x.png"; sourceTree = "<group>"; };
		9FF51A3620980EDC0041661F /* NotificationIcon@3x.png */ = {isa = PBXFileReference; lastKnownFileType = image.png; path = "NotificationIcon@3x.png"; sourceTree = "<group>"; };
/* End PBXFileReference section */

/* Begin PBXFrameworksBuildPhase section */
		9FE14FE41F22178900F3FE09 /* Frameworks */ = {
			isa = PBXFrameworksBuildPhase;
			buildActionMask = 2147483647;
			files = (
				9F8EABB520A8A7500027EDFB /* Foundation.framework in Frameworks */,
				9FF51A1520955F290041661F /* FBSDKLoginKit.framework in Frameworks */,
				9FF51A1620955F290041661F /* Bolts.framework in Frameworks */,
				9FF51A1720955F290041661F /* FBSDKCoreKit.framework in Frameworks */,
				9FE0557B208882DE006646BF /* MapKit.framework in Frameworks */,
				9F8ACCF220809DA200F34663 /* AVFoundation.framework in Frameworks */,
				9FB572D42077115500A26985 /* PushKit.framework in Frameworks */,
				9FB572D22077114800A26985 /* SystemConfiguration.framework in Frameworks */,
				9FB572D02077112600A26985 /* CoreLocation.framework in Frameworks */,
				BC47591ED0DAA30F49FF3F13 /* libPods-cleanchat.a in Frameworks */,
			);
			runOnlyForDeploymentPostprocessing = 0;
		};
/* End PBXFrameworksBuildPhase section */

/* Begin PBXGroup section */
		31AE4ED5FC678A4C0F4F6878 /* Pods */ = {
			isa = PBXGroup;
			children = (
				76CAA8B7BA391341F32BE4D5 /* Pods-cleanchat.debug.xcconfig */,
				1773E68DF44E895C7A15159D /* Pods-cleanchat.release.xcconfig */,
			);
			name = Pods;
			sourceTree = "<group>";
		};
		98BF832D4B48D7D51166533D /* Frameworks */ = {
			isa = PBXGroup;
			children = (
				9F8EABB420A8A74F0027EDFB /* Foundation.framework */,
				9FF51A1320955F290041661F /* Bolts.framework */,
				9FF51A1420955F290041661F /* FBSDKCoreKit.framework */,
				9FF51A1220955F290041661F /* FBSDKLoginKit.framework */,
				9FE0557A208882DE006646BF /* MapKit.framework */,
				9F8ACCF120809DA200F34663 /* AVFoundation.framework */,
				9FB572D32077115500A26985 /* PushKit.framework */,
				9FB572D12077114800A26985 /* SystemConfiguration.framework */,
				9FB572CF2077112600A26985 /* CoreLocation.framework */,
				5F1FA4CEF7F4AB062A044E84 /* libPods-cleanchat.a */,
			);
			name = Frameworks;
			sourceTree = "<group>";
		};
		9FB572BB2071D4AD00A26985 /* Utilities */ = {
			isa = PBXGroup;
			children = (
				9FB572BC2071D4AD00A26985 /* Constants.swift */,
				9FB572BD2071D4AD00A26985 /* Utilities.swift */,
				9FB572D72078421A00A26985 /* Download.swift */,
			);
			path = Utilities;
			sourceTree = "<group>";
		};
		9FB572C02071D51200A26985 /* View */ = {
			isa = PBXGroup;
			children = (
				9FB572C12071D51200A26985 /* ChooseUserCell.swift */,
				9FB572C22071D51200A26985 /* RecentCell.swift */,
				9FB572D520783FF500A26985 /* FriendCell.swift */,
				9F3B9F9D208F295300F12CE3 /* SettingsTableVC.swift */,
				9F3B9F9F208F2BE100F12CE3 /* ShowAvatarCell.swift */,
				9F8EABB620AADA010027EDFB /* EmptyView.swift */,
			);
			path = View;
			sourceTree = SOURCE_ROOT;
		};
		9FB572C52071E51D00A26985 /* Encryption */ = {
			isa = PBXGroup;
			children = (
				9FB572C62071E51D00A26985 /* RNCryptor.h */,
				9FB572C72071E51D00A26985 /* RNCryptor.swift */,
			);
			path = Encryption;
			sourceTree = SOURCE_ROOT;
		};
		9FB572C92071E55800A26985 /* ProgressHUD */ = {
			isa = PBXGroup;
			children = (
				9FB572CA2071E55800A26985 /* ProgressHUD.h */,
				9FB572CB2071E55800A26985 /* ProgressHUD.bundle */,
				9FB572CC2071E55800A26985 /* ProgressHUD.m */,
			);
			path = ProgressHUD;
			sourceTree = SOURCE_ROOT;
		};
		9FE14FDE1F22178900F3FE09 = {
			isa = PBXGroup;
			children = (
				9FE14FE91F22178900F3FE09 /* cleanchat */,
				9FE14FE81F22178900F3FE09 /* Products */,
				31AE4ED5FC678A4C0F4F6878 /* Pods */,
				98BF832D4B48D7D51166533D /* Frameworks */,
			);
			sourceTree = "<group>";
		};
		9FE14FE81F22178900F3FE09 /* Products */ = {
			isa = PBXGroup;
			children = (
				9FE14FE71F22178900F3FE09 /* cleanchat.app */,
			);
			name = Products;
			sourceTree = "<group>";
		};
		9FE14FE91F22178900F3FE09 /* cleanchat */ = {
			isa = PBXGroup;
			children = (
				9F624C2C209ABE4800D7E869 /* bubbleboddy.light-light.ttf */,
				9F624C2D209ABE5500D7E869 /* bubbleboddy.fat.ttf */,
				9FF51A1820955F320041661F /* cleanchat.entitlements */,
				9FB572C92071E55800A26985 /* ProgressHUD */,
				9FB572C52071E51D00A26985 /* Encryption */,
				9FB572BB2071D4AD00A26985 /* Utilities */,
				9FB572C02071D51200A26985 /* View */,
				9FE14FEA1F22178900F3FE09 /* AppDelegate.swift */,
				9F8ACCF32080A3D500F34663 /* OutgoingMessage.swift */,
				9FE14FEC1F22178900F3FE09 /* ViewController.swift */,
				9FB572AE2071D3A100A26985 /* ChooseUserVC.swift */,
				9FB572AC2071D39100A26985 /* Camera.swift */,
				9FB572B52071D41400A26985 /* RecentVC.swift */,
				9F8ACCEF20809D3400F34663 /* ChatVC.swift */,
				9FB572B92071D43000A26985 /* WelcomeVC.swift */,
				9FB572B72071D42000A26985 /* RegisterVC.swift */,
				9FB572B02071D3CB00A26985 /* cleanchat-Bridging-Header.h */,
				9FB572B12071D3E500A26985 /* GoogleService-Info.plist */,
				9FB572B32071D3EF00A26985 /* GoogleService-Info (1).plist */,
				9FE14FEE1F22178900F3FE09 /* Main.storyboard */,
				9FE14FF11F22178900F3FE09 /* Assets.xcassets */,
				9F624C2A209A940700D7E869 /* incoming.wav */,
				9F624C28209A93F800D7E869 /* ringback.wav */,
				9FF51A1F20980EDC0041661F /* AppIcon.appiconset */,
				9FE14FF31F22178900F3FE09 /* LaunchScreen.storyboard */,
				9FE14FF61F22178900F3FE09 /* Info.plist */,
				9F9EDC7B207C3EE50050DCE7 /* Recent.swift */,
				9F8ACCF52080BB5400F34663 /* IncomingMessage.swift */,
				9F8ACCF72081701F00F34663 /* VideoThumbnail.swift */,
				9F8ACCF92081731D00F34663 /* VideoMessage.swift */,
				9FBF00802086B73100C85FE6 /* AudioMessage.swift */,
				9FBF00822086BACB00C85FE6 /* Audio.swift */,
				9F0617CA208880A300422183 /* MapVC.swift */,
				9F3B9FA1208F36F200F12CE3 /* BackgroundVC.swift */,
				9F3B9FA3208FFBF600F12CE3 /* FriendsVC.swift */,
				9F3B9FA5208FFD0900F12CE3 /* Friend.swift */,
				9F3B9FA7209006AE00F12CE3 /* AddFriendVC.swift */,
				9F3BA00920940D6D00F12CE3 /* GroupVC.swift */,
				9FF51A0A209414650041661F /* AddGroupVC.swift */,
				9FF51A0C209423450041661F /* Group.swift */,
				9FF51A0E20942CF00041661F /* GroupSettingsVC.swift */,
				9FF51A10209459DD0041661F /* EditGroupVC.swift */,
				9FF51A1920956D680041661F /* RegisterForPush.swift */,
				9FF51A1B2097D8040041661F /* PushNotifications.swift */,
				9F624C222099AC9E00D7E869 /* Encryption.swift */,
				9F624C24209A6DA600D7E869 /* ProfileVC.swift */,
				9F624C26209A74C500D7E869 /* CallVC.swift */,
				9FE044B5209C56EE0012F45F /* TabBarVC.swift */,
				9FE044B7209C7A780012F45F /* GradientView.swift */,
			);
			path = cleanchat;
			sourceTree = "<group>";
		};
		9FF51A1F20980EDC0041661F /* AppIcon.appiconset */ = {
			isa = PBXGroup;
			children = (
				9FF51A2020980EDC0041661F /* Icon.png */,
				9FF51A2120980EDC0041661F /* Icon-76@2x.png */,
				9FF51A2220980EDC0041661F /* Icon-40@2x.png */,
				9FF51A2320980EDC0041661F /* Icon-40@3x.png */,
				9FF51A2420980EDC0041661F /* Icon-83.5@2x.png */,
				9FF51A2520980EDC0041661F /* Icon-Small.png */,
				9FF51A2620980EDC0041661F /* Icon-60@3x.png */,
				9FF51A2720980EDC0041661F /* Icon-76.png */,
				9FF51A2820980EDC0041661F /* NotificationIcon~ipad@2x.png */,
				9FF51A2920980EDC0041661F /* Icon-Small-50@2x.png */,
				9FF51A2A20980EDC0041661F /* Icon-72.png */,
				9FF51A2B20980EDC0041661F /* Icon-72@2x.png */,
				9FF51A2C20980EDC0041661F /* Icon-60@2x.png */,
				9FF51A2D20980EDC0041661F /* Icon@2x.png */,
				9FF51A2E20980EDC0041661F /* NotificationIcon~ipad.png */,
				9FF51A2F20980EDC0041661F /* Icon-40.png */,
				9FF51A3020980EDC0041661F /* Contents.json */,
				9FF51A3120980EDC0041661F /* NotificationIcon@2x.png */,
				9FF51A3220980EDC0041661F /* Icon-Small@3x.png */,
				9FF51A3320980EDC0041661F /* Icon-Small-50.png */,
				9FF51A3420980EDC0041661F /* ios-marketing.png */,
				9FF51A3520980EDC0041661F /* Icon-Small@2x.png */,
				9FF51A3620980EDC0041661F /* NotificationIcon@3x.png */,
			);
			path = AppIcon.appiconset;
			sourceTree = "<group>";
		};
/* End PBXGroup section */

/* Begin PBXNativeTarget section */
		9FE14FE61F22178900F3FE09 /* cleanchat */ = {
			isa = PBXNativeTarget;
			buildConfigurationList = 9FE14FF91F22178900F3FE09 /* Build configuration list for PBXNativeTarget "cleanchat" */;
			buildPhases = (
				9EAE8FE0194234943D497385 /* [CP] Check Pods Manifest.lock */,
				9FE14FE31F22178900F3FE09 /* Sources */,
				9FE14FE41F22178900F3FE09 /* Frameworks */,
				9FE14FE51F22178900F3FE09 /* Resources */,
				C3B55A4F5AE31453E6FBA113 /* [CP] Embed Pods Frameworks */,
				31DAB8329EFEC2F0534B8367 /* [CP] Copy Pods Resources */,
			);
			buildRules = (
			);
			dependencies = (
			);
			name = cleanchat;
			productName = cleanchat;
			productReference = 9FE14FE71F22178900F3FE09 /* cleanchat.app */;
			productType = "com.apple.product-type.application";
		};
/* End PBXNativeTarget section */

/* Begin PBXProject section */
		9FE14FDF1F22178900F3FE09 /* Project object */ = {
			isa = PBXProject;
			attributes = {
				LastSwiftUpdateCheck = 0900;
				LastUpgradeCheck = 0900;
				ORGANIZATIONNAME = "Javid Poornasir";
				TargetAttributes = {
					9FE14FE61F22178900F3FE09 = {
						CreatedOnToolsVersion = 9.0;
						ProvisioningStyle = Manual;
						SystemCapabilities = {
							com.apple.BackgroundModes = {
								enabled = 1;
							};
							com.apple.Keychain = {
								enabled = 1;
							};
							com.apple.Push = {
								enabled = 1;
							};
						};
					};
				};
			};
			buildConfigurationList = 9FE14FE21F22178900F3FE09 /* Build configuration list for PBXProject "cleanchat" */;
			compatibilityVersion = "Xcode 8.0";
			developmentRegion = en;
			hasScannedForEncodings = 0;
			knownRegions = (
				en,
				Base,
			);
			mainGroup = 9FE14FDE1F22178900F3FE09;
			productRefGroup = 9FE14FE81F22178900F3FE09 /* Products */;
			projectDirPath = "";
			projectRoot = "";
			targets = (
				9FE14FE61F22178900F3FE09 /* cleanchat */,
			);
		};
/* End PBXProject section */

/* Begin PBXResourcesBuildPhase section */
		9FE14FE51F22178900F3FE09 /* Resources */ = {
			isa = PBXResourcesBuildPhase;
			buildActionMask = 2147483647;
			files = (
				9FE14FF51F22178900F3FE09 /* LaunchScreen.storyboard in Resources */,
				9FF51A4D20980EDC0041661F /* NotificationIcon@3x.png in Resources */,
				9FF51A3820980EDC0041661F /* Icon-76@2x.png in Resources */,
				9FF51A4020980EDC0041661F /* Icon-Small-50@2x.png in Resources */,
				9FF51A3E20980EDC0041661F /* Icon-76.png in Resources */,
				9FF51A4820980EDC0041661F /* NotificationIcon@2x.png in Resources */,
				9FB572B22071D3E500A26985 /* GoogleService-Info.plist in Resources */,
				9FF51A3C20980EDC0041661F /* Icon-Small.png in Resources */,
				9FF51A3F20980EDC0041661F /* NotificationIcon~ipad@2x.png in Resources */,
				9FF51A3D20980EDC0041661F /* Icon-60@3x.png in Resources */,
				9FB572CD2071E55800A26985 /* ProgressHUD.bundle in Resources */,
				9FF51A3B20980EDC0041661F /* Icon-83.5@2x.png in Resources */,
				9FF51A4A20980EDC0041661F /* Icon-Small-50.png in Resources */,
				9F624C2B209A940700D7E869 /* incoming.wav in Resources */,
				9FF51A4720980EDC0041661F /* Contents.json in Resources */,
				9FF51A4620980EDC0041661F /* Icon-40.png in Resources */,
				9FF51A4920980EDC0041661F /* Icon-Small@3x.png in Resources */,
				9FF51A4320980EDC0041661F /* Icon-60@2x.png in Resources */,
				9FF51A4520980EDC0041661F /* NotificationIcon~ipad.png in Resources */,
				9FF51A4120980EDC0041661F /* Icon-72.png in Resources */,
				9FF51A3720980EDC0041661F /* Icon.png in Resources */,
				9F624C2F209ABE7300D7E869 /* bubbleboddy.light-light.ttf in Resources */,
				9FF51A4220980EDC0041661F /* Icon-72@2x.png in Resources */,
				9F624C2E209ABE5500D7E869 /* bubbleboddy.fat.ttf in Resources */,
				9FB572B42071D3EF00A26985 /* GoogleService-Info (1).plist in Resources */,
				9FF51A4B20980EDC0041661F /* ios-marketing.png in Resources */,
				9FF51A4C20980EDC0041661F /* Icon-Small@2x.png in Resources */,
				9FF51A4420980EDC0041661F /* Icon@2x.png in Resources */,
				9FE14FF21F22178900F3FE09 /* Assets.xcassets in Resources */,
				9FE14FF01F22178900F3FE09 /* Main.storyboard in Resources */,
				9F624C29209A93F900D7E869 /* ringback.wav in Resources */,
				9FF51A3920980EDC0041661F /* Icon-40@2x.png in Resources */,
				9FF51A3A20980EDC0041661F /* Icon-40@3x.png in Resources */,
			);
			runOnlyForDeploymentPostprocessing = 0;
		};
/* End PBXResourcesBuildPhase section */

/* Begin PBXShellScriptBuildPhase section */
		31DAB8329EFEC2F0534B8367 /* [CP] Copy Pods Resources */ = {
			isa = PBXShellScriptBuildPhase;
			buildActionMask = 2147483647;
			files = (
			);
			inputPaths = (
				"${SRCROOT}/Pods/Target Support Files/Pods-cleanchat/Pods-cleanchat-resources.sh",
				"${PODS_ROOT}/IDMPhotoBrowser/Classes/IDMPhotoBrowser.bundle",
				"${PODS_ROOT}/IDMPhotoBrowser/Classes/IDMPBLocalizations.bundle",
				"${PODS_ROOT}/IQAudioRecorderController/IQAudioRecorderController/Resources/IQAudioRecorderController.bundle",
				"${PODS_ROOT}/JSQMessagesViewController/JSQMessagesViewController/Assets/JSQMessagesAssets.bundle",
				"${PODS_ROOT}/JSQMessagesViewController/JSQMessagesViewController/Controllers/JSQMessagesViewController.xib",
				"${PODS_ROOT}/JSQMessagesViewController/JSQMessagesViewController/Views/JSQMessagesCollectionViewCellIncoming.xib",
				"${PODS_ROOT}/JSQMessagesViewController/JSQMessagesViewController/Views/JSQMessagesCollectionViewCellOutgoing.xib",
				"${PODS_ROOT}/JSQMessagesViewController/JSQMessagesViewController/Views/JSQMessagesLoadEarlierHeaderView.xib",
				"${PODS_ROOT}/JSQMessagesViewController/JSQMessagesViewController/Views/JSQMessagesToolbarContentView.xib",
				"${PODS_ROOT}/JSQMessagesViewController/JSQMessagesViewController/Views/JSQMessagesTypingIndicatorFooterView.xib",
			);
			name = "[CP] Copy Pods Resources";
			outputPaths = (
				"${TARGET_BUILD_DIR}/${UNLOCALIZED_RESOURCES_FOLDER_PATH}",
			);
			runOnlyForDeploymentPostprocessing = 0;
			shellPath = /bin/sh;
			shellScript = "\"${SRCROOT}/Pods/Target Support Files/Pods-cleanchat/Pods-cleanchat-resources.sh\"\n";
			showEnvVarsInLog = 0;
		};
		9EAE8FE0194234943D497385 /* [CP] Check Pods Manifest.lock */ = {
			isa = PBXShellScriptBuildPhase;
			buildActionMask = 2147483647;
			files = (
			);
			inputPaths = (
				"${PODS_PODFILE_DIR_PATH}/Podfile.lock",
				"${PODS_ROOT}/Manifest.lock",
			);
			name = "[CP] Check Pods Manifest.lock";
			outputPaths = (
				"$(DERIVED_FILE_DIR)/Pods-cleanchat-checkManifestLockResult.txt",
			);
			runOnlyForDeploymentPostprocessing = 0;
			shellPath = /bin/sh;
			shellScript = "diff \"${PODS_PODFILE_DIR_PATH}/Podfile.lock\" \"${PODS_ROOT}/Manifest.lock\" > /dev/null\nif [ $? != 0 ] ; then\n    # print error to STDERR\n    echo \"error: The sandbox is not in sync with the Podfile.lock. Run 'pod install' or update your CocoaPods installation.\" >&2\n    exit 1\nfi\n# This output is used by Xcode 'outputs' to avoid re-running this script phase.\necho \"SUCCESS\" > \"${SCRIPT_OUTPUT_FILE_0}\"\n";
			showEnvVarsInLog = 0;
		};
		C3B55A4F5AE31453E6FBA113 /* [CP] Embed Pods Frameworks */ = {
			isa = PBXShellScriptBuildPhase;
			buildActionMask = 2147483647;
			files = (
			);
			inputPaths = (
			);
			name = "[CP] Embed Pods Frameworks";
			outputPaths = (
			);
			runOnlyForDeploymentPostprocessing = 0;
			shellPath = /bin/sh;
			shellScript = "\"${SRCROOT}/Pods/Target Support Files/Pods-cleanchat/Pods-cleanchat-frameworks.sh\"\n";
			showEnvVarsInLog = 0;
		};
/* End PBXShellScriptBuildPhase section */

/* Begin PBXSourcesBuildPhase section */
		9FE14FE31F22178900F3FE09 /* Sources */ = {
			isa = PBXSourcesBuildPhase;
			buildActionMask = 2147483647;
			files = (
				9FF51A0D209423450041661F /* Group.swift in Sources */,
				9FB572AD2071D39100A26985 /* Camera.swift in Sources */,
				9FF51A11209459DD0041661F /* EditGroupVC.swift in Sources */,
				9FB572D82078421A00A26985 /* Download.swift in Sources */,
				9FF51A1A20956D680041661F /* RegisterForPush.swift in Sources */,
				9FB572AF2071D3A100A26985 /* ChooseUserVC.swift in Sources */,
				9FE14FED1F22178900F3FE09 /* ViewController.swift in Sources */,
				9F8ACCFA2081731D00F34663 /* VideoMessage.swift in Sources */,
				9FB572D620783FF500A26985 /* FriendCell.swift in Sources */,
				9F3BA00A20940D6D00F12CE3 /* GroupVC.swift in Sources */,
				9F3B9FA8209006AE00F12CE3 /* AddFriendVC.swift in Sources */,
				9FB572C42071D51200A26985 /* RecentCell.swift in Sources */,
				9F624C27209A74C500D7E869 /* CallVC.swift in Sources */,
				9F3B9FA2208F36F200F12CE3 /* BackgroundVC.swift in Sources */,
				9FB572B82071D42000A26985 /* RegisterVC.swift in Sources */,
				9F8ACCF020809D3400F34663 /* ChatVC.swift in Sources */,
				9F8EABB720AADA010027EDFB /* EmptyView.swift in Sources */,
				9FE14FEB1F22178900F3FE09 /* AppDelegate.swift in Sources */,
				9F9EDC7C207C3EE50050DCE7 /* Recent.swift in Sources */,
				9F8ACCF82081701F00F34663 /* VideoThumbnail.swift in Sources */,
				9FB572C82071E51D00A26985 /* RNCryptor.swift in Sources */,
				9FF51A0F20942CF00041661F /* GroupSettingsVC.swift in Sources */,
				9F3B9FA4208FFBF600F12CE3 /* FriendsVC.swift in Sources */,
				9FE044B6209C56EE0012F45F /* TabBarVC.swift in Sources */,
				9F624C25209A6DA600D7E869 /* ProfileVC.swift in Sources */,
				9F0617CB208880A300422183 /* MapVC.swift in Sources */,
				9FB572B62071D41400A26985 /* RecentVC.swift in Sources */,
				9FB572BA2071D43000A26985 /* WelcomeVC.swift in Sources */,
				9F8ACCF62080BB5400F34663 /* IncomingMessage.swift in Sources */,
				9FB572CE2071E55800A26985 /* ProgressHUD.m in Sources */,
				9FB572BF2071D4AE00A26985 /* Utilities.swift in Sources */,
				9F3B9FA0208F2BE100F12CE3 /* ShowAvatarCell.swift in Sources */,
				9FBF00812086B73100C85FE6 /* AudioMessage.swift in Sources */,
				9FE044B8209C7A780012F45F /* GradientView.swift in Sources */,
				9F8ACCF42080A3D500F34663 /* OutgoingMessage.swift in Sources */,
				9F624C232099AC9E00D7E869 /* Encryption.swift in Sources */,
				9FF51A0B209414650041661F /* AddGroupVC.swift in Sources */,
				9F3B9F9E208F295300F12CE3 /* SettingsTableVC.swift in Sources */,
				9FF51A1C2097D8040041661F /* PushNotifications.swift in Sources */,
				9FBF00832086BACB00C85FE6 /* Audio.swift in Sources */,
				9FB572C32071D51200A26985 /* ChooseUserCell.swift in Sources */,
				9FB572BE2071D4AE00A26985 /* Constants.swift in Sources */,
				9F3B9FA6208FFD0900F12CE3 /* Friend.swift in Sources */,
			);
			runOnlyForDeploymentPostprocessing = 0;
		};
/* End PBXSourcesBuildPhase section */

/* Begin PBXVariantGroup section */
		9FE14FEE1F22178900F3FE09 /* Main.storyboard */ = {
			isa = PBXVariantGroup;
			children = (
				9FE14FEF1F22178900F3FE09 /* Base */,
			);
			name = Main.storyboard;
			sourceTree = "<group>";
		};
		9FE14FF31F22178900F3FE09 /* LaunchScreen.storyboard */ = {
			isa = PBXVariantGroup;
			children = (
				9FE14FF41F22178900F3FE09 /* Base */,
			);
			name = LaunchScreen.storyboard;
			sourceTree = "<group>";
		};
/* End PBXVariantGroup section */

/* Begin XCBuildConfiguration section */
		9FE14FF71F22178900F3FE09 /* Debug */ = {
			isa = XCBuildConfiguration;
			buildSettings = {
				ALWAYS_SEARCH_USER_PATHS = NO;
				CLANG_ANALYZER_NONNULL = YES;
				CLANG_ANALYZER_NUMBER_OBJECT_CONVERSION = YES_AGGRESSIVE;
				CLANG_CXX_LANGUAGE_STANDARD = "gnu++14";
				CLANG_CXX_LIBRARY = "libc++";
				CLANG_ENABLE_MODULES = YES;
				CLANG_ENABLE_OBJC_ARC = YES;
				CLANG_WARN_BLOCK_CAPTURE_AUTORELEASING = YES;
				CLANG_WARN_BOOL_CONVERSION = YES;
				CLANG_WARN_COMMA = YES;
				CLANG_WARN_CONSTANT_CONVERSION = YES;
				CLANG_WARN_DIRECT_OBJC_ISA_USAGE = YES_ERROR;
				CLANG_WARN_DOCUMENTATION_COMMENTS = YES;
				CLANG_WARN_EMPTY_BODY = YES;
				CLANG_WARN_ENUM_CONVERSION = YES;
				CLANG_WARN_INFINITE_RECURSION = YES;
				CLANG_WARN_INT_CONVERSION = YES;
				CLANG_WARN_NON_LITERAL_NULL_CONVERSION = YES;
				CLANG_WARN_OBJC_LITERAL_CONVERSION = YES;
				CLANG_WARN_OBJC_ROOT_CLASS = YES_ERROR;
				CLANG_WARN_RANGE_LOOP_ANALYSIS = YES;
				CLANG_WARN_STRICT_PROTOTYPES = YES;
				CLANG_WARN_SUSPICIOUS_MOVE = YES;
				CLANG_WARN_UNGUARDED_AVAILABILITY = YES_AGGRESSIVE;
				CLANG_WARN_UNREACHABLE_CODE = YES;
				CLANG_WARN__DUPLICATE_METHOD_MATCH = YES;
				CODE_SIGN_IDENTITY = "iPhone Developer";
				COPY_PHASE_STRIP = NO;
				DEBUG_INFORMATION_FORMAT = dwarf;
				ENABLE_STRICT_OBJC_MSGSEND = YES;
				ENABLE_TESTABILITY = YES;
				GCC_C_LANGUAGE_STANDARD = gnu11;
				GCC_DYNAMIC_NO_PIC = NO;
				GCC_NO_COMMON_BLOCKS = YES;
				GCC_OPTIMIZATION_LEVEL = 0;
				GCC_PREPROCESSOR_DEFINITIONS = (
					"DEBUG=1",
					"$(inherited)",
				);
				GCC_WARN_64_TO_32_BIT_CONVERSION = YES;
				GCC_WARN_ABOUT_RETURN_TYPE = YES_ERROR;
				GCC_WARN_UNDECLARED_SELECTOR = YES;
				GCC_WARN_UNINITIALIZED_AUTOS = YES_AGGRESSIVE;
				GCC_WARN_UNUSED_FUNCTION = YES;
				GCC_WARN_UNUSED_VARIABLE = YES;
				IPHONEOS_DEPLOYMENT_TARGET = 11.0;
				MTL_ENABLE_DEBUG_INFO = YES;
				ONLY_ACTIVE_ARCH = YES;
				SDKROOT = iphoneos;
				SWIFT_ACTIVE_COMPILATION_CONDITIONS = DEBUG;
				SWIFT_OPTIMIZATION_LEVEL = "-Onone";
			};
			name = Debug;
		};
		9FE14FF81F22178900F3FE09 /* Release */ = {
			isa = XCBuildConfiguration;
			buildSettings = {
				ALWAYS_SEARCH_USER_PATHS = NO;
				CLANG_ANALYZER_NONNULL = YES;
				CLANG_ANALYZER_NUMBER_OBJECT_CONVERSION = YES_AGGRESSIVE;
				CLANG_CXX_LANGUAGE_STANDARD = "gnu++14";
				CLANG_CXX_LIBRARY = "libc++";
				CLANG_ENABLE_MODULES = YES;
				CLANG_ENABLE_OBJC_ARC = YES;
				CLANG_WARN_BLOCK_CAPTURE_AUTORELEASING = YES;
				CLANG_WARN_BOOL_CONVERSION = YES;
				CLANG_WARN_COMMA = YES;
				CLANG_WARN_CONSTANT_CONVERSION = YES;
				CLANG_WARN_DIRECT_OBJC_ISA_USAGE = YES_ERROR;
				CLANG_WARN_DOCUMENTATION_COMMENTS = YES;
				CLANG_WARN_EMPTY_BODY = YES;
				CLANG_WARN_ENUM_CONVERSION = YES;
				CLANG_WARN_INFINITE_RECURSION = YES;
				CLANG_WARN_INT_CONVERSION = YES;
				CLANG_WARN_NON_LITERAL_NULL_CONVERSION = YES;
				CLANG_WARN_OBJC_LITERAL_CONVERSION = YES;
				CLANG_WARN_OBJC_ROOT_CLASS = YES_ERROR;
				CLANG_WARN_RANGE_LOOP_ANALYSIS = YES;
				CLANG_WARN_STRICT_PROTOTYPES = YES;
				CLANG_WARN_SUSPICIOUS_MOVE = YES;
				CLANG_WARN_UNGUARDED_AVAILABILITY = YES_AGGRESSIVE;
				CLANG_WARN_UNREACHABLE_CODE = YES;
				CLANG_WARN__DUPLICATE_METHOD_MATCH = YES;
				CODE_SIGN_IDENTITY = "iPhone Developer";
				COPY_PHASE_STRIP = NO;
				DEBUG_INFORMATION_FORMAT = "dwarf-with-dsym";
				ENABLE_NS_ASSERTIONS = NO;
				ENABLE_STRICT_OBJC_MSGSEND = YES;
				GCC_C_LANGUAGE_STANDARD = gnu11;
				GCC_NO_COMMON_BLOCKS = YES;
				GCC_WARN_64_TO_32_BIT_CONVERSION = YES;
				GCC_WARN_ABOUT_RETURN_TYPE = YES_ERROR;
				GCC_WARN_UNDECLARED_SELECTOR = YES;
				GCC_WARN_UNINITIALIZED_AUTOS = YES_AGGRESSIVE;
				GCC_WARN_UNUSED_FUNCTION = YES;
				GCC_WARN_UNUSED_VARIABLE = YES;
				IPHONEOS_DEPLOYMENT_TARGET = 11.0;
				MTL_ENABLE_DEBUG_INFO = NO;
				SDKROOT = iphoneos;
				SWIFT_OPTIMIZATION_LEVEL = "-Owholemodule";
				VALIDATE_PRODUCT = YES;
			};
			name = Release;
		};
		9FE14FFA1F22178900F3FE09 /* Debug */ = {
			isa = XCBuildConfiguration;
			baseConfigurationReference = 76CAA8B7BA391341F32BE4D5 /* Pods-cleanchat.debug.xcconfig */;
			buildSettings = {
				ASSETCATALOG_COMPILER_APPICON_NAME = AppIcon;
				CODE_SIGN_ENTITLEMENTS = cleanchat/cleanchat.entitlements;
				CODE_SIGN_STYLE = Manual;
				DEVELOPMENT_TEAM = VWFZU9229C;
				FRAMEWORK_SEARCH_PATHS = (
					"$(inherited)",
					"$(PROJECT_DIR)",
				);
				INFOPLIST_FILE = cleanchat/Info.plist;
				IPHONEOS_DEPLOYMENT_TARGET = 9.0;
				LD_RUNPATH_SEARCH_PATHS = "$(inherited) @executable_path/Frameworks";
				PRODUCT_BUNDLE_IDENTIFIER = com.cleandev.cleanchat;
				PRODUCT_NAME = "$(TARGET_NAME)";
				PROVISIONING_PROFILE = "361f1e08-9b60-47c6-a6cd-b703da621cd6";
				PROVISIONING_PROFILE_SPECIFIER = "CleanChat-Dev-ProvProf";
				SWIFT_COMPILATION_MODE = wholemodule;
				SWIFT_ENFORCE_EXCLUSIVE_ACCESS = none;
				SWIFT_OBJC_BRIDGING_HEADER = "cleanchat/cleanchat-Bridging-Header.h";
				SWIFT_OPTIMIZATION_LEVEL = "-Onone";
				SWIFT_VERSION = 4.0;
				TARGETED_DEVICE_FAMILY = "1,2";
			};
			name = Debug;
		};
		9FE14FFB1F22178900F3FE09 /* Release */ = {
			isa = XCBuildConfiguration;
			baseConfigurationReference = 1773E68DF44E895C7A15159D /* Pods-cleanchat.release.xcconfig */;
			buildSettings = {
				ASSETCATALOG_COMPILER_APPICON_NAME = AppIcon;
				CODE_SIGN_ENTITLEMENTS = cleanchat/cleanchat.entitlements;
				CODE_SIGN_IDENTITY = "iPhone Distribution";
				CODE_SIGN_STYLE = Manual;
				DEVELOPMENT_TEAM = VWFZU9229C;
				FRAMEWORK_SEARCH_PATHS = (
					"$(inherited)",
					"$(PROJECT_DIR)",
				);
				INFOPLIST_FILE = cleanchat/Info.plist;
				IPHONEOS_DEPLOYMENT_TARGET = 9.0;
				LD_RUNPATH_SEARCH_PATHS = "$(inherited) @executable_path/Frameworks";
				PRODUCT_BUNDLE_IDENTIFIER = com.cleandev.cleanchat;
				PRODUCT_NAME = "$(TARGET_NAME)";
				PROVISIONING_PROFILE = "295b7788-927b-49ad-9b9e-0850fe515956";
				PROVISIONING_PROFILE_SPECIFIER = CleanChat_PROD_provProf;
				SWIFT_ENFORCE_EXCLUSIVE_ACCESS = none;
				SWIFT_OBJC_BRIDGING_HEADER = "cleanchat/cleanchat-Bridging-Header.h";
				SWIFT_OPTIMIZATION_LEVEL = "-Onone";
				SWIFT_VERSION = 4.0;
				TARGETED_DEVICE_FAMILY = "1,2";
			};
			name = Release;
		};
/* End XCBuildConfiguration section */

/* Begin XCConfigurationList section */
		9FE14FE21F22178900F3FE09 /* Build configuration list for PBXProject "cleanchat" */ = {
			isa = XCConfigurationList;
			buildConfigurations = (
				9FE14FF71F22178900F3FE09 /* Debug */,
				9FE14FF81F22178900F3FE09 /* Release */,
			);
			defaultConfigurationIsVisible = 0;
			defaultConfigurationName = Release;
		};
		9FE14FF91F22178900F3FE09 /* Build configuration list for PBXNativeTarget "cleanchat" */ = {
			isa = XCConfigurationList;
			buildConfigurations = (
				9FE14FFA1F22178900F3FE09 /* Debug */,
				9FE14FFB1F22178900F3FE09 /* Release */,
			);
			defaultConfigurationIsVisible = 0;
			defaultConfigurationName = Release;
		};
/* End XCConfigurationList section */
	};
	rootObject = 9FE14FDF1F22178900F3FE09 /* Project object */;
}
